
Microsoft Visual Studio Solution File, Format Version 12.00
Project("{2150E333-8FDC-42A3-9474-1A3956D46DE8}") = "src", "src", "{01AEE7FD-6436-46A4-A192-0D732A40DDDE}"
EndProject
Project("{2150E333-8FDC-42A3-9474-1A3956D46DE8}") = "files", "files", "{CFB519C6-C3A9-4B9B-92C1-0BD23DC7B35E}"
	ProjectSection(SolutionItems) = preProject
		.gitignore = .gitignore
		Directory.Packages.props = Directory.Packages.props
		http-client.private.env.json = http-client.private.env.json
	EndProjectSection
EndProject
Project("{FAE04EC0-301F-11D3-BF4B-00C04F79EFBC}") = "Chat", "Chat\Chat.csproj", "{CD892ACE-57F0-4E73-AB3B-F240865338ED}"
EndProject
Project("{FAE04EC0-301F-11D3-BF4B-00C04F79EFBC}") = "Sandbox", "Sandbox\Sandbox.csproj", "{DDFB6F54-2B84-491D-8C57-9A0A3F4CECE7}"
EndProject
Project("{FAE04EC0-301F-11D3-BF4B-00C04F79EFBC}") = "Language", "Language\Language.csproj", "{E8BA57E4-7AFF-48D2-98F0-153C4641CC2E}"
EndProject
Project("{FAE04EC0-301F-11D3-BF4B-00C04F79EFBC}") = "SemKern", "SemKern\SemKern.csproj", "{344C0648-9604-4793-8FC6-E0352DFC1783}"
EndProject
Project("{FAE04EC0-301F-11D3-BF4B-00C04F79EFBC}") = "ContentSafety", "ContentSafety\ContentSafety.csproj", "{4DDA4B33-9F51-492B-8CD0-019345E6A0A4}"
EndProject
Global
	GlobalSection(SolutionConfigurationPlatforms) = preSolution
		Debug|Any CPU = Debug|Any CPU
		Release|Any CPU = Release|Any CPU
	EndGlobalSection
	GlobalSection(NestedProjects) = preSolution
		{CD892ACE-57F0-4E73-AB3B-F240865338ED} = {01AEE7FD-6436-46A4-A192-0D732A40DDDE}
		{E8BA57E4-7AFF-48D2-98F0-153C4641CC2E} = {01AEE7FD-6436-46A4-A192-0D732A40DDDE}
		{344C0648-9604-4793-8FC6-E0352DFC1783} = {01AEE7FD-6436-46A4-A192-0D732A40DDDE}
		{4DDA4B33-9F51-492B-8CD0-019345E6A0A4} = {01AEE7FD-6436-46A4-A192-0D732A40DDDE}
	EndGlobalSection
	GlobalSection(ProjectConfigurationPlatforms) = postSolution
		{CD892ACE-57F0-4E73-AB3B-F240865338ED}.Debug|Any CPU.ActiveCfg = Debug|Any CPU
		{CD892ACE-57F0-4E73-AB3B-F240865338ED}.Debug|Any CPU.Build.0 = Debug|Any CPU
		{CD892ACE-57F0-4E73-AB3B-F240865338ED}.Release|Any CPU.ActiveCfg = Release|Any CPU
		{CD892ACE-57F0-4E73-AB3B-F240865338ED}.Release|Any CPU.Build.0 = Release|Any CPU
		{DDFB6F54-2B84-491D-8C57-9A0A3F4CECE7}.Debug|Any CPU.ActiveCfg = Debug|Any CPU
		{DDFB6F54-2B84-491D-8C57-9A0A3F4CECE7}.Debug|Any CPU.Build.0 = Debug|Any CPU
		{DDFB6F54-2B84-491D-8C57-9A0A3F4CECE7}.Release|Any CPU.ActiveCfg = Release|Any CPU
		{DDFB6F54-2B84-491D-8C57-9A0A3F4CECE7}.Release|Any CPU.Build.0 = Release|Any CPU
		{E8BA57E4-7AFF-48D2-98F0-153C4641CC2E}.Debug|Any CPU.ActiveCfg = Debug|Any CPU
		{E8BA57E4-7AFF-48D2-98F0-153C4641CC2E}.Debug|Any CPU.Build.0 = Debug|Any CPU
		{E8BA57E4-7AFF-48D2-98F0-153C4641CC2E}.Release|Any CPU.ActiveCfg = Release|Any CPU
		{E8BA57E4-7AFF-48D2-98F0-153C4641CC2E}.Release|Any CPU.Build.0 = Release|Any CPU
		{344C0648-9604-4793-8FC6-E0352DFC1783}.Debug|Any CPU.ActiveCfg = Debug|Any CPU
		{344C0648-9604-4793-8FC6-E0352DFC1783}.Debug|Any CPU.Build.0 = Debug|Any CPU
		{344C0648-9604-4793-8FC6-E0352DFC1783}.Release|Any CPU.ActiveCfg = Release|Any CPU
		{344C0648-9604-4793-8FC6-E0352DFC1783}.Release|Any CPU.Build.0 = Release|Any CPU
		{4DDA4B33-9F51-492B-8CD0-019345E6A0A4}.Debug|Any CPU.ActiveCfg = Debug|Any CPU
		{4DDA4B33-9F51-492B-8CD0-019345E6A0A4}.Debug|Any CPU.Build.0 = Debug|Any CPU
		{4DDA4B33-9F51-492B-8CD0-019345E6A0A4}.Release|Any CPU.ActiveCfg = Release|Any CPU
		{4DDA4B33-9F51-492B-8CD0-019345E6A0A4}.Release|Any CPU.Build.0 = Release|Any CPU
	EndGlobalSection
EndGlobal
